
Microsoft Visual Studio Solution File, Format Version 12.00
# Visual Studio 15
VisualStudioVersion = 15.0.28010.2036
MinimumVisualStudioVersion = 10.0.40219.1
Project("{8BC9CEB8-8B4A-11D0-8D11-00A0C91BC942}") = "biblioteka_prac_dyplomowych", "biblioteka_prac_dyplomowych\biblioteka_prac_dyplomowych.vcxproj", "{C15F9904-0E98-4AFD-A441-AED3DF71E7E5}"
EndProject
Global
	GlobalSection(SolutionConfigurationPlatforms) = preSolution
		Debug|x64 = Debug|x64
		Debug|x86 = Debug|x86
		Release|x64 = Release|x64
		Release|x86 = Release|x86
	EndGlobalSection
	GlobalSection(ProjectConfigurationPlatforms) = postSolution
		{C15F9904-0E98-4AFD-A441-AED3DF71E7E5}.Debug|x64.ActiveCfg = Debug|x64
		{C15F9904-0E98-4AFD-A441-AED3DF71E7E5}.Debug|x64.Build.0 = Debug|x64
		{C15F9904-0E98-4AFD-A441-AED3DF71E7E5}.Debug|x86.ActiveCfg = Debug|Win32
		{C15F9904-0E98-4AFD-A441-AED3DF71E7E5}.Debug|x86.Build.0 = Debug|Win32
		{C15F9904-0E98-4AFD-A441-AED3DF71E7E5}.Release|x64.ActiveCfg = Release|x64
		{C15F9904-0E98-4AFD-A441-AED3DF71E7E5}.Release|x64.Build.0 = Release|x64
		{C15F9904-0E98-4AFD-A441-AED3DF71E7E5}.Release|x86.ActiveCfg = Release|Win32
		{C15F9904-0E98-4AFD-A441-AED3DF71E7E5}.Release|x86.Build.0 = Release|Win32
	EndGlobalSection
	GlobalSection(SolutionProperties) = preSolution
		HideSolutionNode = FALSE
	EndGlobalSection
	GlobalSection(ExtensibilityGlobals) = postSolution
		SolutionGuid = {FF66CD0B-1288-4486-A841-915F9E11F87B}
	EndGlobalSection
EndGlobal
